// !$*UTF8*$!
{
	archiveVersion = 1;
	classes = {
	};
	objectVersion = 56;
	objects = {

/* Begin PBXBuildFile section */
		DB7826312A340D8A002F7EE7 /* wagnitoAppApp.swift in Sources */ = {isa = PBXBuildFile; fileRef = DB7826302A340D8A002F7EE7 /* wagnitoAppApp.swift */; };
		DB7826332A340D8A002F7EE7 /* ContentView.swift in Sources */ = {isa = PBXBuildFile; fileRef = DB7826322A340D8A002F7EE7 /* ContentView.swift */; };
		DB7826352A340D8B002F7EE7 /* Assets.xcassets in Resources */ = {isa = PBXBuildFile; fileRef = DB7826342A340D8B002F7EE7 /* Assets.xcassets */; };
		DB7826382A340D8B002F7EE7 /* Preview Assets.xcassets in Resources */ = {isa = PBXBuildFile; fileRef = DB7826372A340D8B002F7EE7 /* Preview Assets.xcassets */; };
		DB78263A2A340D8B002F7EE7 /* Persistence.swift in Sources */ = {isa = PBXBuildFile; fileRef = DB7826392A340D8B002F7EE7 /* Persistence.swift */; };
		DB78263D2A340D8B002F7EE7 /* wagnitoApp.xcdatamodeld in Sources */ = {isa = PBXBuildFile; fileRef = DB78263B2A340D8B002F7EE7 /* wagnitoApp.xcdatamodeld */; };
		DB7826472A340D8B002F7EE7 /* wagnitoAppTests.swift in Sources */ = {isa = PBXBuildFile; fileRef = DB7826462A340D8B002F7EE7 /* wagnitoAppTests.swift */; };
		DB7826512A340D8B002F7EE7 /* wagnitoAppUITests.swift in Sources */ = {isa = PBXBuildFile; fileRef = DB7826502A340D8B002F7EE7 /* wagnitoAppUITests.swift */; };
		DB7826532A340D8B002F7EE7 /* wagnitoAppUITestsLaunchTests.swift in Sources */ = {isa = PBXBuildFile; fileRef = DB7826522A340D8B002F7EE7 /* wagnitoAppUITestsLaunchTests.swift */; };
		DB7826612A340FD7002F7EE7 /* FirebaseAnalytics in Frameworks */ = {isa = PBXBuildFile; productRef = DB7826602A340FD7002F7EE7 /* FirebaseAnalytics */; };
		DB7826632A340FD7002F7EE7 /* FirebaseDatabase in Frameworks */ = {isa = PBXBuildFile; productRef = DB7826622A340FD7002F7EE7 /* FirebaseDatabase */; };
		DB7826652A340FD7002F7EE7 /* FirebaseFirestore in Frameworks */ = {isa = PBXBuildFile; productRef = DB7826642A340FD7002F7EE7 /* FirebaseFirestore */; };
		DB7826672A340FD7002F7EE7 /* FirebaseFunctions in Frameworks */ = {isa = PBXBuildFile; productRef = DB7826662A340FD7002F7EE7 /* FirebaseFunctions */; };
		DB7826692A340FF0002F7EE7 /* GoogleService-Info.plist in Resources */ = {isa = PBXBuildFile; fileRef = DB7826682A340FF0002F7EE7 /* GoogleService-Info.plist */; };
		DB7826702A341056002F7EE7 /* FontManager.swift in Sources */ = {isa = PBXBuildFile; fileRef = DB78266F2A341056002F7EE7 /* FontManager.swift */; };
		DB7826732A341065002F7EE7 /* Yellowtail-Regular.ttf in Resources */ = {isa = PBXBuildFile; fileRef = DB7826712A341065002F7EE7 /* Yellowtail-Regular.ttf */; };
		DB7826742A341065002F7EE7 /* LilitaOne-Regular.ttf in Resources */ = {isa = PBXBuildFile; fileRef = DB7826722A341065002F7EE7 /* LilitaOne-Regular.ttf */; };
		DB7826772A341106002F7EE7 /* MainMessagesVM.swift in Sources */ = {isa = PBXBuildFile; fileRef = DB7826762A341106002F7EE7 /* MainMessagesVM.swift */; };
		DB7826792A341131002F7EE7 /* MainScreen.swift in Sources */ = {isa = PBXBuildFile; fileRef = DB7826782A341131002F7EE7 /* MainScreen.swift */; };
		DB78267B2A341168002F7EE7 /* MessagesView.swift in Sources */ = {isa = PBXBuildFile; fileRef = DB78267A2A341168002F7EE7 /* MessagesView.swift */; };
		DB78267D2A34118F002F7EE7 /* WelcomeScreen.swift in Sources */ = {isa = PBXBuildFile; fileRef = DB78267C2A34118F002F7EE7 /* WelcomeScreen.swift */; };
		DB7826802A34C702002F7EE7 /* Firebase.swift in Sources */ = {isa = PBXBuildFile; fileRef = DB78267F2A34C702002F7EE7 /* Firebase.swift */; };
		DB7826842A34CC1E002F7EE7 /* SettingsView.swift in Sources */ = {isa = PBXBuildFile; fileRef = DB7826832A34CC1E002F7EE7 /* SettingsView.swift */; };
		DB7826882A34CC46002F7EE7 /* MapView.swift in Sources */ = {isa = PBXBuildFile; fileRef = DB7826872A34CC46002F7EE7 /* MapView.swift */; };
		DB78268D2A34CD83002F7EE7 /* RegisterView.swift in Sources */ = {isa = PBXBuildFile; fileRef = DB78268C2A34CD83002F7EE7 /* RegisterView.swift */; };
		DB7826922A3523C0002F7EE7 /* LoginVM.swift in Sources */ = {isa = PBXBuildFile; fileRef = DB7826912A3523C0002F7EE7 /* LoginVM.swift */; };
		DB7826942A3523D2002F7EE7 /* User.swift in Sources */ = {isa = PBXBuildFile; fileRef = DB7826932A3523D2002F7EE7 /* User.swift */; };
		DB7826982A352538002F7EE7 /* UserDefaults.swift in Sources */ = {isa = PBXBuildFile; fileRef = DB7826972A352538002F7EE7 /* UserDefaults.swift */; };
/* End PBXBuildFile section */

/* Begin PBXContainerItemProxy section */
		DB7826432A340D8B002F7EE7 /* PBXContainerItemProxy */ = {
			isa = PBXContainerItemProxy;
			containerPortal = DB7826252A340D8A002F7EE7 /* Project object */;
			proxyType = 1;
			remoteGlobalIDString = DB78262C2A340D8A002F7EE7;
			remoteInfo = wagnitoApp;
		};
		DB78264D2A340D8B002F7EE7 /* PBXContainerItemProxy */ = {
			isa = PBXContainerItemProxy;
			containerPortal = DB7826252A340D8A002F7EE7 /* Project object */;
			proxyType = 1;
			remoteGlobalIDString = DB78262C2A340D8A002F7EE7;
			remoteInfo = wagnitoApp;
		};
/* End PBXContainerItemProxy section */

/* Begin PBXFileReference section */
		DB78262D2A340D8A002F7EE7 /* wagnitoApp.app */ = {isa = PBXFileReference; explicitFileType = wrapper.application; includeInIndex = 0; path = wagnitoApp.app; sourceTree = BUILT_PRODUCTS_DIR; };
		DB7826302A340D8A002F7EE7 /* wagnitoAppApp.swift */ = {isa = PBXFileReference; lastKnownFileType = sourcecode.swift; path = wagnitoAppApp.swift; sourceTree = "<group>"; };
		DB7826322A340D8A002F7EE7 /* ContentView.swift */ = {isa = PBXFileReference; lastKnownFileType = sourcecode.swift; path = ContentView.swift; sourceTree = "<group>"; };
		DB7826342A340D8B002F7EE7 /* Assets.xcassets */ = {isa = PBXFileReference; lastKnownFileType = folder.assetcatalog; path = Assets.xcassets; sourceTree = "<group>"; };
		DB7826372A340D8B002F7EE7 /* Preview Assets.xcassets */ = {isa = PBXFileReference; lastKnownFileType = folder.assetcatalog; path = "Preview Assets.xcassets"; sourceTree = "<group>"; };
		DB7826392A340D8B002F7EE7 /* Persistence.swift */ = {isa = PBXFileReference; lastKnownFileType = sourcecode.swift; path = Persistence.swift; sourceTree = "<group>"; };
		DB78263C2A340D8B002F7EE7 /* wagnitoApp.xcdatamodel */ = {isa = PBXFileReference; lastKnownFileType = wrapper.xcdatamodel; path = wagnitoApp.xcdatamodel; sourceTree = "<group>"; };
		DB7826422A340D8B002F7EE7 /* wagnitoAppTests.xctest */ = {isa = PBXFileReference; explicitFileType = wrapper.cfbundle; includeInIndex = 0; path = wagnitoAppTests.xctest; sourceTree = BUILT_PRODUCTS_DIR; };
		DB7826462A340D8B002F7EE7 /* wagnitoAppTests.swift */ = {isa = PBXFileReference; lastKnownFileType = sourcecode.swift; path = wagnitoAppTests.swift; sourceTree = "<group>"; };
		DB78264C2A340D8B002F7EE7 /* wagnitoAppUITests.xctest */ = {isa = PBXFileReference; explicitFileType = wrapper.cfbundle; includeInIndex = 0; path = wagnitoAppUITests.xctest; sourceTree = BUILT_PRODUCTS_DIR; };
		DB7826502A340D8B002F7EE7 /* wagnitoAppUITests.swift */ = {isa = PBXFileReference; lastKnownFileType = sourcecode.swift; path = wagnitoAppUITests.swift; sourceTree = "<group>"; };
		DB7826522A340D8B002F7EE7 /* wagnitoAppUITestsLaunchTests.swift */ = {isa = PBXFileReference; lastKnownFileType = sourcecode.swift; path = wagnitoAppUITestsLaunchTests.swift; sourceTree = "<group>"; };
		DB7826682A340FF0002F7EE7 /* GoogleService-Info.plist */ = {isa = PBXFileReference; fileEncoding = 4; lastKnownFileType = text.plist.xml; path = "GoogleService-Info.plist"; sourceTree = "<group>"; };
		DB78266F2A341056002F7EE7 /* FontManager.swift */ = {isa = PBXFileReference; lastKnownFileType = sourcecode.swift; path = FontManager.swift; sourceTree = "<group>"; };
		DB7826712A341065002F7EE7 /* Yellowtail-Regular.ttf */ = {isa = PBXFileReference; lastKnownFileType = file; path = "Yellowtail-Regular.ttf"; sourceTree = "<group>"; };
		DB7826722A341065002F7EE7 /* LilitaOne-Regular.ttf */ = {isa = PBXFileReference; lastKnownFileType = file; path = "LilitaOne-Regular.ttf"; sourceTree = "<group>"; };
		DB7826752A34108C002F7EE7 /* Info.plist */ = {isa = PBXFileReference; lastKnownFileType = text.plist; path = Info.plist; sourceTree = "<group>"; };
		DB7826762A341106002F7EE7 /* MainMessagesVM.swift */ = {isa = PBXFileReference; lastKnownFileType = sourcecode.swift; path = MainMessagesVM.swift; sourceTree = "<group>"; };
		DB7826782A341131002F7EE7 /* MainScreen.swift */ = {isa = PBXFileReference; lastKnownFileType = sourcecode.swift; path = MainScreen.swift; sourceTree = "<group>"; };
		DB78267A2A341168002F7EE7 /* MessagesView.swift */ = {isa = PBXFileReference; lastKnownFileType = sourcecode.swift; path = MessagesView.swift; sourceTree = "<group>"; };
		DB78267C2A34118F002F7EE7 /* WelcomeScreen.swift */ = {isa = PBXFileReference; lastKnownFileType = sourcecode.swift; path = WelcomeScreen.swift; sourceTree = "<group>"; };
		DB78267F2A34C702002F7EE7 /* Firebase.swift */ = {isa = PBXFileReference; lastKnownFileType = sourcecode.swift; path = Firebase.swift; sourceTree = "<group>"; };
		DB7826832A34CC1E002F7EE7 /* SettingsView.swift */ = {isa = PBXFileReference; lastKnownFileType = sourcecode.swift; path = SettingsView.swift; sourceTree = "<group>"; };
		DB7826872A34CC46002F7EE7 /* MapView.swift */ = {isa = PBXFileReference; lastKnownFileType = sourcecode.swift; path = MapView.swift; sourceTree = "<group>"; };
		DB78268C2A34CD83002F7EE7 /* RegisterView.swift */ = {isa = PBXFileReference; lastKnownFileType = sourcecode.swift; path = RegisterView.swift; sourceTree = "<group>"; };
		DB7826912A3523C0002F7EE7 /* LoginVM.swift */ = {isa = PBXFileReference; lastKnownFileType = sourcecode.swift; path = LoginVM.swift; sourceTree = "<group>"; };
		DB7826932A3523D2002F7EE7 /* User.swift */ = {isa = PBXFileReference; lastKnownFileType = sourcecode.swift; path = User.swift; sourceTree = "<group>"; };
		DB7826972A352538002F7EE7 /* UserDefaults.swift */ = {isa = PBXFileReference; lastKnownFileType = sourcecode.swift; path = UserDefaults.swift; sourceTree = "<group>"; };
/* End PBXFileReference section */

/* Begin PBXFrameworksBuildPhase section */
		DB78262A2A340D8A002F7EE7 /* Frameworks */ = {
			isa = PBXFrameworksBuildPhase;
			buildActionMask = 2147483647;
			files = (
				DB7826632A340FD7002F7EE7 /* FirebaseDatabase in Frameworks */,
				DB7826612A340FD7002F7EE7 /* FirebaseAnalytics in Frameworks */,
				DB7826652A340FD7002F7EE7 /* FirebaseFirestore in Frameworks */,
				DB7826672A340FD7002F7EE7 /* FirebaseFunctions in Frameworks */,
			);
			runOnlyForDeploymentPostprocessing = 0;
		};
		DB78263F2A340D8B002F7EE7 /* Frameworks */ = {
			isa = PBXFrameworksBuildPhase;
			buildActionMask = 2147483647;
			files = (
			);
			runOnlyForDeploymentPostprocessing = 0;
		};
		DB7826492A340D8B002F7EE7 /* Frameworks */ = {
			isa = PBXFrameworksBuildPhase;
			buildActionMask = 2147483647;
			files = (
			);
			runOnlyForDeploymentPostprocessing = 0;
		};
/* End PBXFrameworksBuildPhase section */

/* Begin PBXGroup section */
		DB7826242A340D8A002F7EE7 = {
			isa = PBXGroup;
			children = (
				DB78262F2A340D8A002F7EE7 /* wagnitoApp */,
				DB7826452A340D8B002F7EE7 /* wagnitoAppTests */,
				DB78264F2A340D8B002F7EE7 /* wagnitoAppUITests */,
				DB78262E2A340D8A002F7EE7 /* Products */,
			);
			sourceTree = "<group>";
		};
		DB78262E2A340D8A002F7EE7 /* Products */ = {
			isa = PBXGroup;
			children = (
				DB78262D2A340D8A002F7EE7 /* wagnitoApp.app */,
				DB7826422A340D8B002F7EE7 /* wagnitoAppTests.xctest */,
				DB78264C2A340D8B002F7EE7 /* wagnitoAppUITests.xctest */,
			);
			name = Products;
			sourceTree = "<group>";
		};
		DB78262F2A340D8A002F7EE7 /* wagnitoApp */ = {
			isa = PBXGroup;
			children = (
				DB7826952A35251D002F7EE7 /* Storage */,
				DB7826752A34108C002F7EE7 /* Info.plist */,
				DB78266D2A341012002F7EE7 /* Utils */,
				DB78266C2A341008002F7EE7 /* ViewModel */,
				DB78266B2A341001002F7EE7 /* View */,
				DB78266A2A340FFC002F7EE7 /* Model */,
				DB7826322A340D8A002F7EE7 /* ContentView.swift */,
				DB7826682A340FF0002F7EE7 /* GoogleService-Info.plist */,
				DB7826342A340D8B002F7EE7 /* Assets.xcassets */,
				DB7826392A340D8B002F7EE7 /* Persistence.swift */,
				DB78263B2A340D8B002F7EE7 /* wagnitoApp.xcdatamodeld */,
				DB7826362A340D8B002F7EE7 /* Preview Content */,
			);
			path = wagnitoApp;
			sourceTree = "<group>";
		};
		DB7826362A340D8B002F7EE7 /* Preview Content */ = {
			isa = PBXGroup;
			children = (
				DB7826372A340D8B002F7EE7 /* Preview Assets.xcassets */,
			);
			path = "Preview Content";
			sourceTree = "<group>";
		};
		DB7826452A340D8B002F7EE7 /* wagnitoAppTests */ = {
			isa = PBXGroup;
			children = (
				DB7826462A340D8B002F7EE7 /* wagnitoAppTests.swift */,
			);
			path = wagnitoAppTests;
			sourceTree = "<group>";
		};
		DB78264F2A340D8B002F7EE7 /* wagnitoAppUITests */ = {
			isa = PBXGroup;
			children = (
				DB7826502A340D8B002F7EE7 /* wagnitoAppUITests.swift */,
				DB7826522A340D8B002F7EE7 /* wagnitoAppUITestsLaunchTests.swift */,
			);
			path = wagnitoAppUITests;
			sourceTree = "<group>";
		};
		DB78266A2A340FFC002F7EE7 /* Model */ = {
			isa = PBXGroup;
			children = (
				DB7826932A3523D2002F7EE7 /* User.swift */,
				DB78267E2A34C6E9002F7EE7 /* Firebase */,
			);
			path = Model;
			sourceTree = "<group>";
		};
		DB78266B2A341001002F7EE7 /* View */ = {
			isa = PBXGroup;
			children = (
				DB7826852A34CC31002F7EE7 /* MapView */,
				DB7826812A34CBA3002F7EE7 /* MainScreens */,
				DB7826822A34CBFF002F7EE7 /* SettingsView */,
				DB78268A2A34CD0A002F7EE7 /* LaunchScreen */,
				DB7826302A340D8A002F7EE7 /* wagnitoAppApp.swift */,
			);
			path = View;
			sourceTree = "<group>";
		};
		DB78266C2A341008002F7EE7 /* ViewModel */ = {
			isa = PBXGroup;
			children = (
				DB78268F2A34DB3B002F7EE7 /* RegisterVM */,
				DB78268E2A34DB33002F7EE7 /* LoginVM */,
				DB7826762A341106002F7EE7 /* MainMessagesVM.swift */,
			);
			path = ViewModel;
			sourceTree = "<group>";
		};
		DB78266D2A341012002F7EE7 /* Utils */ = {
			isa = PBXGroup;
			children = (
				DB78266E2A341032002F7EE7 /* FontGroups */,
			);
			path = Utils;
			sourceTree = "<group>";
		};
		DB78266E2A341032002F7EE7 /* FontGroups */ = {
			isa = PBXGroup;
			children = (
				DB7826722A341065002F7EE7 /* LilitaOne-Regular.ttf */,
				DB7826712A341065002F7EE7 /* Yellowtail-Regular.ttf */,
				DB78266F2A341056002F7EE7 /* FontManager.swift */,
			);
			path = FontGroups;
			sourceTree = "<group>";
		};
		DB78267E2A34C6E9002F7EE7 /* Firebase */ = {
			isa = PBXGroup;
			children = (
				DB78267F2A34C702002F7EE7 /* Firebase.swift */,
			);
			path = Firebase;
			sourceTree = "<group>";
		};
		DB7826812A34CBA3002F7EE7 /* MainScreens */ = {
			isa = PBXGroup;
			children = (
				DB7826782A341131002F7EE7 /* MainScreen.swift */,
				DB7826892A34CCA1002F7EE7 /* ChatScreens */,
			);
			path = MainScreens;
			sourceTree = "<group>";
		};
		DB7826822A34CBFF002F7EE7 /* SettingsView */ = {
			isa = PBXGroup;
			children = (
				DB7826832A34CC1E002F7EE7 /* SettingsView.swift */,
			);
			path = SettingsView;
			sourceTree = "<group>";
		};
		DB7826852A34CC31002F7EE7 /* MapView */ = {
			isa = PBXGroup;
			children = (
				DB7826872A34CC46002F7EE7 /* MapView.swift */,
			);
			path = MapView;
			sourceTree = "<group>";
		};
		DB7826892A34CCA1002F7EE7 /* ChatScreens */ = {
			isa = PBXGroup;
			children = (
				DB78267A2A341168002F7EE7 /* MessagesView.swift */,
			);
			path = ChatScreens;
			sourceTree = "<group>";
		};
		DB78268A2A34CD0A002F7EE7 /* LaunchScreen */ = {
			isa = PBXGroup;
			children = (
				DB78267C2A34118F002F7EE7 /* WelcomeScreen.swift */,
				DB78268C2A34CD83002F7EE7 /* RegisterView.swift */,
			);
			path = LaunchScreen;
			sourceTree = "<group>";
		};
		DB78268E2A34DB33002F7EE7 /* LoginVM */ = {
			isa = PBXGroup;
			children = (
				DB7826912A3523C0002F7EE7 /* LoginVM.swift */,
			);
			path = LoginVM;
			sourceTree = "<group>";
		};
		DB78268F2A34DB3B002F7EE7 /* RegisterVM */ = {
			isa = PBXGroup;
			children = (
			);
			path = RegisterVM;
			sourceTree = "<group>";
		};
		DB7826952A35251D002F7EE7 /* Storage */ = {
			isa = PBXGroup;
			children = (
				DB7826962A352526002F7EE7 /* UserDefaults */,
			);
			path = Storage;
			sourceTree = "<group>";
		};
		DB7826962A352526002F7EE7 /* UserDefaults */ = {
			isa = PBXGroup;
			children = (
				DB7826972A352538002F7EE7 /* UserDefaults.swift */,
			);
			path = UserDefaults;
			sourceTree = "<group>";
		};
/* End PBXGroup section */

/* Begin PBXNativeTarget section */
		DB78262C2A340D8A002F7EE7 /* wagnitoApp */ = {
			isa = PBXNativeTarget;
			buildConfigurationList = DB7826562A340D8B002F7EE7 /* Build configuration list for PBXNativeTarget "wagnitoApp" */;
			buildPhases = (
				DB7826292A340D8A002F7EE7 /* Sources */,
				DB78262A2A340D8A002F7EE7 /* Frameworks */,
				DB78262B2A340D8A002F7EE7 /* Resources */,
			);
			buildRules = (
			);
			dependencies = (
			);
			name = wagnitoApp;
			packageProductDependencies = (
				DB7826602A340FD7002F7EE7 /* FirebaseAnalytics */,
				DB7826622A340FD7002F7EE7 /* FirebaseDatabase */,
				DB7826642A340FD7002F7EE7 /* FirebaseFirestore */,
				DB7826662A340FD7002F7EE7 /* FirebaseFunctions */,
			);
			productName = wagnitoApp;
			productReference = DB78262D2A340D8A002F7EE7 /* wagnitoApp.app */;
			productType = "com.apple.product-type.application";
		};
		DB7826412A340D8B002F7EE7 /* wagnitoAppTests */ = {
			isa = PBXNativeTarget;
			buildConfigurationList = DB7826592A340D8B002F7EE7 /* Build configuration list for PBXNativeTarget "wagnitoAppTests" */;
			buildPhases = (
				DB78263E2A340D8B002F7EE7 /* Sources */,
				DB78263F2A340D8B002F7EE7 /* Frameworks */,
				DB7826402A340D8B002F7EE7 /* Resources */,
			);
			buildRules = (
			);
			dependencies = (
				DB7826442A340D8B002F7EE7 /* PBXTargetDependency */,
			);
			name = wagnitoAppTests;
			productName = wagnitoAppTests;
			productReference = DB7826422A340D8B002F7EE7 /* wagnitoAppTests.xctest */;
			productType = "com.apple.product-type.bundle.unit-test";
		};
		DB78264B2A340D8B002F7EE7 /* wagnitoAppUITests */ = {
			isa = PBXNativeTarget;
			buildConfigurationList = DB78265C2A340D8B002F7EE7 /* Build configuration list for PBXNativeTarget "wagnitoAppUITests" */;
			buildPhases = (
				DB7826482A340D8B002F7EE7 /* Sources */,
				DB7826492A340D8B002F7EE7 /* Frameworks */,
				DB78264A2A340D8B002F7EE7 /* Resources */,
			);
			buildRules = (
			);
			dependencies = (
				DB78264E2A340D8B002F7EE7 /* PBXTargetDependency */,
			);
			name = wagnitoAppUITests;
			productName = wagnitoAppUITests;
			productReference = DB78264C2A340D8B002F7EE7 /* wagnitoAppUITests.xctest */;
			productType = "com.apple.product-type.bundle.ui-testing";
		};
/* End PBXNativeTarget section */

/* Begin PBXProject section */
		DB7826252A340D8A002F7EE7 /* Project object */ = {
			isa = PBXProject;
			attributes = {
				BuildIndependentTargetsInParallel = 1;
				LastSwiftUpdateCheck = 1430;
				LastUpgradeCheck = 1430;
				TargetAttributes = {
					DB78262C2A340D8A002F7EE7 = {
						CreatedOnToolsVersion = 14.3.1;
					};
					DB7826412A340D8B002F7EE7 = {
						CreatedOnToolsVersion = 14.3.1;
						TestTargetID = DB78262C2A340D8A002F7EE7;
					};
					DB78264B2A340D8B002F7EE7 = {
						CreatedOnToolsVersion = 14.3.1;
						TestTargetID = DB78262C2A340D8A002F7EE7;
					};
				};
			};
			buildConfigurationList = DB7826282A340D8A002F7EE7 /* Build configuration list for PBXProject "wagnitoApp" */;
			compatibilityVersion = "Xcode 14.0";
			developmentRegion = en;
			hasScannedForEncodings = 0;
			knownRegions = (
				en,
				Base,
			);
			mainGroup = DB7826242A340D8A002F7EE7;
			packageReferences = (
				DB78265F2A340FD7002F7EE7 /* XCRemoteSwiftPackageReference "firebase-ios-sdk" */,
			);
			productRefGroup = DB78262E2A340D8A002F7EE7 /* Products */;
			projectDirPath = "";
			projectRoot = "";
			targets = (
				DB78262C2A340D8A002F7EE7 /* wagnitoApp */,
				DB7826412A340D8B002F7EE7 /* wagnitoAppTests */,
				DB78264B2A340D8B002F7EE7 /* wagnitoAppUITests */,
			);
		};
/* End PBXProject section */

/* Begin PBXResourcesBuildPhase section */
		DB78262B2A340D8A002F7EE7 /* Resources */ = {
			isa = PBXResourcesBuildPhase;
			buildActionMask = 2147483647;
			files = (
				DB7826382A340D8B002F7EE7 /* Preview Assets.xcassets in Resources */,
				DB7826352A340D8B002F7EE7 /* Assets.xcassets in Resources */,
				DB7826692A340FF0002F7EE7 /* GoogleService-Info.plist in Resources */,
				DB7826742A341065002F7EE7 /* LilitaOne-Regular.ttf in Resources */,
				DB7826732A341065002F7EE7 /* Yellowtail-Regular.ttf in Resources */,
			);
			runOnlyForDeploymentPostprocessing = 0;
		};
		DB7826402A340D8B002F7EE7 /* Resources */ = {
			isa = PBXResourcesBuildPhase;
			buildActionMask = 2147483647;
			files = (
			);
			runOnlyForDeploymentPostprocessing = 0;
		};
		DB78264A2A340D8B002F7EE7 /* Resources */ = {
			isa = PBXResourcesBuildPhase;
			buildActionMask = 2147483647;
			files = (
			);
			runOnlyForDeploymentPostprocessing = 0;
		};
/* End PBXResourcesBuildPhase section */

/* Begin PBXSourcesBuildPhase section */
		DB7826292A340D8A002F7EE7 /* Sources */ = {
			isa = PBXSourcesBuildPhase;
			buildActionMask = 2147483647;
			files = (
				DB7826922A3523C0002F7EE7 /* LoginVM.swift in Sources */,
				DB7826802A34C702002F7EE7 /* Firebase.swift in Sources */,
				DB7826882A34CC46002F7EE7 /* MapView.swift in Sources */,
				DB78268D2A34CD83002F7EE7 /* RegisterView.swift in Sources */,
				DB7826982A352538002F7EE7 /* UserDefaults.swift in Sources */,
				DB78267B2A341168002F7EE7 /* MessagesView.swift in Sources */,
				DB7826702A341056002F7EE7 /* FontManager.swift in Sources */,
				DB7826792A341131002F7EE7 /* MainScreen.swift in Sources */,
				DB78267D2A34118F002F7EE7 /* WelcomeScreen.swift in Sources */,
				DB7826942A3523D2002F7EE7 /* User.swift in Sources */,
				DB78263A2A340D8B002F7EE7 /* Persistence.swift in Sources */,
				DB78263D2A340D8B002F7EE7 /* wagnitoApp.xcdatamodeld in Sources */,
				DB7826332A340D8A002F7EE7 /* ContentView.swift in Sources */,
				DB7826312A340D8A002F7EE7 /* wagnitoAppApp.swift in Sources */,
				DB7826772A341106002F7EE7 /* MainMessagesVM.swift in Sources */,
				DB7826842A34CC1E002F7EE7 /* SettingsView.swift in Sources */,
			);
			runOnlyForDeploymentPostprocessing = 0;
		};
		DB78263E2A340D8B002F7EE7 /* Sources */ = {
			isa = PBXSourcesBuildPhase;
			buildActionMask = 2147483647;
			files = (
				DB7826472A340D8B002F7EE7 /* wagnitoAppTests.swift in Sources */,
			);
			runOnlyForDeploymentPostprocessing = 0;
		};
		DB7826482A340D8B002F7EE7 /* Sources */ = {
			isa = PBXSourcesBuildPhase;
			buildActionMask = 2147483647;
			files = (
				DB7826532A340D8B002F7EE7 /* wagnitoAppUITestsLaunchTests.swift in Sources */,
				DB7826512A340D8B002F7EE7 /* wagnitoAppUITests.swift in Sources */,
			);
			runOnlyForDeploymentPostprocessing = 0;
		};
/* End PBXSourcesBuildPhase section */

/* Begin PBXTargetDependency section */
		DB7826442A340D8B002F7EE7 /* PBXTargetDependency */ = {
			isa = PBXTargetDependency;
			target = DB78262C2A340D8A002F7EE7 /* wagnitoApp */;
			targetProxy = DB7826432A340D8B002F7EE7 /* PBXContainerItemProxy */;
		};
		DB78264E2A340D8B002F7EE7 /* PBXTargetDependency */ = {
			isa = PBXTargetDependency;
			target = DB78262C2A340D8A002F7EE7 /* wagnitoApp */;
			targetProxy = DB78264D2A340D8B002F7EE7 /* PBXContainerItemProxy */;
		};
/* End PBXTargetDependency section */

/* Begin XCBuildConfiguration section */
		DB7826542A340D8B002F7EE7 /* Debug */ = {
			isa = XCBuildConfiguration;
			buildSettings = {
				ALWAYS_SEARCH_USER_PATHS = NO;
				CLANG_ANALYZER_NONNULL = YES;
				CLANG_ANALYZER_NUMBER_OBJECT_CONVERSION = YES_AGGRESSIVE;
				CLANG_CXX_LANGUAGE_STANDARD = "gnu++20";
				CLANG_ENABLE_MODULES = YES;
				CLANG_ENABLE_OBJC_ARC = YES;
				CLANG_ENABLE_OBJC_WEAK = YES;
				CLANG_WARN_BLOCK_CAPTURE_AUTORELEASING = YES;
				CLANG_WARN_BOOL_CONVERSION = YES;
				CLANG_WARN_COMMA = YES;
				CLANG_WARN_CONSTANT_CONVERSION = YES;
				CLANG_WARN_DEPRECATED_OBJC_IMPLEMENTATIONS = YES;
				CLANG_WARN_DIRECT_OBJC_ISA_USAGE = YES_ERROR;
				CLANG_WARN_DOCUMENTATION_COMMENTS = YES;
				CLANG_WARN_EMPTY_BODY = YES;
				CLANG_WARN_ENUM_CONVERSION = YES;
				CLANG_WARN_INFINITE_RECURSION = YES;
				CLANG_WARN_INT_CONVERSION = YES;
				CLANG_WARN_NON_LITERAL_NULL_CONVERSION = YES;
				CLANG_WARN_OBJC_IMPLICIT_RETAIN_SELF = YES;
				CLANG_WARN_OBJC_LITERAL_CONVERSION = YES;
				CLANG_WARN_OBJC_ROOT_CLASS = YES_ERROR;
				CLANG_WARN_QUOTED_INCLUDE_IN_FRAMEWORK_HEADER = YES;
				CLANG_WARN_RANGE_LOOP_ANALYSIS = YES;
				CLANG_WARN_STRICT_PROTOTYPES = YES;
				CLANG_WARN_SUSPICIOUS_MOVE = YES;
				CLANG_WARN_UNGUARDED_AVAILABILITY = YES_AGGRESSIVE;
				CLANG_WARN_UNREACHABLE_CODE = YES;
				CLANG_WARN__DUPLICATE_METHOD_MATCH = YES;
				COPY_PHASE_STRIP = NO;
				DEBUG_INFORMATION_FORMAT = dwarf;
				ENABLE_STRICT_OBJC_MSGSEND = YES;
				ENABLE_TESTABILITY = YES;
				GCC_C_LANGUAGE_STANDARD = gnu11;
				GCC_DYNAMIC_NO_PIC = NO;
				GCC_NO_COMMON_BLOCKS = YES;
				GCC_OPTIMIZATION_LEVEL = 0;
				GCC_PREPROCESSOR_DEFINITIONS = (
					"DEBUG=1",
					"$(inherited)",
				);
				GCC_WARN_64_TO_32_BIT_CONVERSION = YES;
				GCC_WARN_ABOUT_RETURN_TYPE = YES_ERROR;
				GCC_WARN_UNDECLARED_SELECTOR = YES;
				GCC_WARN_UNINITIALIZED_AUTOS = YES_AGGRESSIVE;
				GCC_WARN_UNUSED_FUNCTION = YES;
				GCC_WARN_UNUSED_VARIABLE = YES;
				IPHONEOS_DEPLOYMENT_TARGET = 16.4;
				MTL_ENABLE_DEBUG_INFO = INCLUDE_SOURCE;
				MTL_FAST_MATH = YES;
				ONLY_ACTIVE_ARCH = YES;
				SDKROOT = iphoneos;
				SWIFT_ACTIVE_COMPILATION_CONDITIONS = DEBUG;
				SWIFT_OPTIMIZATION_LEVEL = "-Onone";
			};
			name = Debug;
		};
		DB7826552A340D8B002F7EE7 /* Release */ = {
			isa = XCBuildConfiguration;
			buildSettings = {
				ALWAYS_SEARCH_USER_PATHS = NO;
				CLANG_ANALYZER_NONNULL = YES;
				CLANG_ANALYZER_NUMBER_OBJECT_CONVERSION = YES_AGGRESSIVE;
				CLANG_CXX_LANGUAGE_STANDARD = "gnu++20";
				CLANG_ENABLE_MODULES = YES;
				CLANG_ENABLE_OBJC_ARC = YES;
				CLANG_ENABLE_OBJC_WEAK = YES;
				CLANG_WARN_BLOCK_CAPTURE_AUTORELEASING = YES;
				CLANG_WARN_BOOL_CONVERSION = YES;
				CLANG_WARN_COMMA = YES;
				CLANG_WARN_CONSTANT_CONVERSION = YES;
				CLANG_WARN_DEPRECATED_OBJC_IMPLEMENTATIONS = YES;
				CLANG_WARN_DIRECT_OBJC_ISA_USAGE = YES_ERROR;
				CLANG_WARN_DOCUMENTATION_COMMENTS = YES;
				CLANG_WARN_EMPTY_BODY = YES;
				CLANG_WARN_ENUM_CONVERSION = YES;
				CLANG_WARN_INFINITE_RECURSION = YES;
				CLANG_WARN_INT_CONVERSION = YES;
				CLANG_WARN_NON_LITERAL_NULL_CONVERSION = YES;
				CLANG_WARN_OBJC_IMPLICIT_RETAIN_SELF = YES;
				CLANG_WARN_OBJC_LITERAL_CONVERSION = YES;
				CLANG_WARN_OBJC_ROOT_CLASS = YES_ERROR;
				CLANG_WARN_QUOTED_INCLUDE_IN_FRAMEWORK_HEADER = YES;
				CLANG_WARN_RANGE_LOOP_ANALYSIS = YES;
				CLANG_WARN_STRICT_PROTOTYPES = YES;
				CLANG_WARN_SUSPICIOUS_MOVE = YES;
				CLANG_WARN_UNGUARDED_AVAILABILITY = YES_AGGRESSIVE;
				CLANG_WARN_UNREACHABLE_CODE = YES;
				CLANG_WARN__DUPLICATE_METHOD_MATCH = YES;
				COPY_PHASE_STRIP = NO;
				DEBUG_INFORMATION_FORMAT = "dwarf-with-dsym";
				ENABLE_NS_ASSERTIONS = NO;
				ENABLE_STRICT_OBJC_MSGSEND = YES;
				GCC_C_LANGUAGE_STANDARD = gnu11;
				GCC_NO_COMMON_BLOCKS = YES;
				GCC_WARN_64_TO_32_BIT_CONVERSION = YES;
				GCC_WARN_ABOUT_RETURN_TYPE = YES_ERROR;
				GCC_WARN_UNDECLARED_SELECTOR = YES;
				GCC_WARN_UNINITIALIZED_AUTOS = YES_AGGRESSIVE;
				GCC_WARN_UNUSED_FUNCTION = YES;
				GCC_WARN_UNUSED_VARIABLE = YES;
				IPHONEOS_DEPLOYMENT_TARGET = 16.4;
				MTL_ENABLE_DEBUG_INFO = NO;
				MTL_FAST_MATH = YES;
				SDKROOT = iphoneos;
				SWIFT_COMPILATION_MODE = wholemodule;
				SWIFT_OPTIMIZATION_LEVEL = "-O";
				VALIDATE_PRODUCT = YES;
			};
			name = Release;
		};
		DB7826572A340D8B002F7EE7 /* Debug */ = {
			isa = XCBuildConfiguration;
			buildSettings = {
				ASSETCATALOG_COMPILER_APPICON_NAME = AppIcon;
				ASSETCATALOG_COMPILER_GLOBAL_ACCENT_COLOR_NAME = AccentColor;
				CODE_SIGN_STYLE = Automatic;
				CURRENT_PROJECT_VERSION = 1;
				DEVELOPMENT_ASSET_PATHS = "\"wagnitoApp/Preview Content\"";
				DEVELOPMENT_TEAM = 6RNL9A5K59;
				ENABLE_PREVIEWS = YES;
				GENERATE_INFOPLIST_FILE = YES;
				INFOPLIST_FILE = wagnitoApp/Info.plist;
				INFOPLIST_KEY_UIApplicationSceneManifest_Generation = YES;
				INFOPLIST_KEY_UIApplicationSupportsIndirectInputEvents = YES;
				INFOPLIST_KEY_UILaunchScreen_Generation = YES;
				INFOPLIST_KEY_UISupportedInterfaceOrientations_iPad = "UIInterfaceOrientationPortrait UIInterfaceOrientationPortraitUpsideDown UIInterfaceOrientationLandscapeLeft UIInterfaceOrientationLandscapeRight";
				INFOPLIST_KEY_UISupportedInterfaceOrientations_iPhone = "UIInterfaceOrientationPortrait UIInterfaceOrientationLandscapeLeft UIInterfaceOrientationLandscapeRight";
				LD_RUNPATH_SEARCH_PATHS = (
					"$(inherited)",
					"@executable_path/Frameworks",
				);
				MARKETING_VERSION = 1.0;
				PRODUCT_BUNDLE_IDENTIFIER = Mwiert.wagnitoApp;
				PRODUCT_NAME = "$(TARGET_NAME)";
				SWIFT_EMIT_LOC_STRINGS = YES;
				SWIFT_VERSION = 5.0;
				TARGETED_DEVICE_FAMILY = "1,2";
			};
			name = Debug;
		};
		DB7826582A340D8B002F7EE7 /* Release */ = {
			isa = XCBuildConfiguration;
			buildSettings = {
				ASSETCATALOG_COMPILER_APPICON_NAME = AppIcon;
				ASSETCATALOG_COMPILER_GLOBAL_ACCENT_COLOR_NAME = AccentColor;
				CODE_SIGN_STYLE = Automatic;
				CURRENT_PROJECT_VERSION = 1;
				DEVELOPMENT_ASSET_PATHS = "\"wagnitoApp/Preview Content\"";
				DEVELOPMENT_TEAM = 6RNL9A5K59;
				ENABLE_PREVIEWS = YES;
				GENERATE_INFOPLIST_FILE = YES;
				INFOPLIST_FILE = wagnitoApp/Info.plist;
				INFOPLIST_KEY_UIApplicationSceneManifest_Generation = YES;
				INFOPLIST_KEY_UIApplicationSupportsIndirectInputEvents = YES;
				INFOPLIST_KEY_UILaunchScreen_Generation = YES;
				INFOPLIST_KEY_UISupportedInterfaceOrientations_iPad = "UIInterfaceOrientationPortrait UIInterfaceOrientationPortraitUpsideDown UIInterfaceOrientationLandscapeLeft UIInterfaceOrientationLandscapeRight";
				INFOPLIST_KEY_UISupportedInterfaceOrientations_iPhone = "UIInterfaceOrientationPortrait UIInterfaceOrientationLandscapeLeft UIInterfaceOrientationLandscapeRight";
				LD_RUNPATH_SEARCH_PATHS = (
					"$(inherited)",
					"@executable_path/Frameworks",
				);
				MARKETING_VERSION = 1.0;
				PRODUCT_BUNDLE_IDENTIFIER = Mwiert.wagnitoApp;
				PRODUCT_NAME = "$(TARGET_NAME)";
				SWIFT_EMIT_LOC_STRINGS = YES;
				SWIFT_VERSION = 5.0;
				TARGETED_DEVICE_FAMILY = "1,2";
			};
			name = Release;
		};
		DB78265A2A340D8B002F7EE7 /* Debug */ = {
			isa = XCBuildConfiguration;
			buildSettings = {
				ALWAYS_EMBED_SWIFT_STANDARD_LIBRARIES = YES;
				BUNDLE_LOADER = "$(TEST_HOST)";
				CODE_SIGN_STYLE = Automatic;
				CURRENT_PROJECT_VERSION = 1;
				DEVELOPMENT_TEAM = 6RNL9A5K59;
				GENERATE_INFOPLIST_FILE = YES;
				IPHONEOS_DEPLOYMENT_TARGET = 16.4;
				MARKETING_VERSION = 1.0;
				PRODUCT_BUNDLE_IDENTIFIER = Mwiert.wagnitoAppTests;
				PRODUCT_NAME = "$(TARGET_NAME)";
				SWIFT_EMIT_LOC_STRINGS = NO;
				SWIFT_VERSION = 5.0;
				TARGETED_DEVICE_FAMILY = "1,2";
				TEST_HOST = "$(BUILT_PRODUCTS_DIR)/wagnitoApp.app/$(BUNDLE_EXECUTABLE_FOLDER_PATH)/wagnitoApp";
			};
			name = Debug;
		};
		DB78265B2A340D8B002F7EE7 /* Release */ = {
			isa = XCBuildConfiguration;
			buildSettings = {
				ALWAYS_EMBED_SWIFT_STANDARD_LIBRARIES = YES;
				BUNDLE_LOADER = "$(TEST_HOST)";
				CODE_SIGN_STYLE = Automatic;
				CURRENT_PROJECT_VERSION = 1;
				DEVELOPMENT_TEAM = 6RNL9A5K59;
				GENERATE_INFOPLIST_FILE = YES;
				IPHONEOS_DEPLOYMENT_TARGET = 16.4;
				MARKETING_VERSION = 1.0;
				PRODUCT_BUNDLE_IDENTIFIER = Mwiert.wagnitoAppTests;
				PRODUCT_NAME = "$(TARGET_NAME)";
				SWIFT_EMIT_LOC_STRINGS = NO;
				SWIFT_VERSION = 5.0;
				TARGETED_DEVICE_FAMILY = "1,2";
				TEST_HOST = "$(BUILT_PRODUCTS_DIR)/wagnitoApp.app/$(BUNDLE_EXECUTABLE_FOLDER_PATH)/wagnitoApp";
			};
			name = Release;
		};
		DB78265D2A340D8B002F7EE7 /* Debug */ = {
			isa = XCBuildConfiguration;
			buildSettings = {
				ALWAYS_EMBED_SWIFT_STANDARD_LIBRARIES = YES;
				CODE_SIGN_STYLE = Automatic;
				CURRENT_PROJECT_VERSION = 1;
				DEVELOPMENT_TEAM = 6RNL9A5K59;
				GENERATE_INFOPLIST_FILE = YES;
				MARKETING_VERSION = 1.0;
				PRODUCT_BUNDLE_IDENTIFIER = Mwiert.wagnitoAppUITests;
				PRODUCT_NAME = "$(TARGET_NAME)";
				SWIFT_EMIT_LOC_STRINGS = NO;
				SWIFT_VERSION = 5.0;
				TARGETED_DEVICE_FAMILY = "1,2";
				TEST_TARGET_NAME = wagnitoApp;
			};
			name = Debug;
		};
		DB78265E2A340D8B002F7EE7 /* Release */ = {
			isa = XCBuildConfiguration;
			buildSettings = {
				ALWAYS_EMBED_SWIFT_STANDARD_LIBRARIES = YES;
				CODE_SIGN_STYLE = Automatic;
				CURRENT_PROJECT_VERSION = 1;
				DEVELOPMENT_TEAM = 6RNL9A5K59;
				GENERATE_INFOPLIST_FILE = YES;
				MARKETING_VERSION = 1.0;
				PRODUCT_BUNDLE_IDENTIFIER = Mwiert.wagnitoAppUITests;
				PRODUCT_NAME = "$(TARGET_NAME)";
				SWIFT_EMIT_LOC_STRINGS = NO;
				SWIFT_VERSION = 5.0;
				TARGETED_DEVICE_FAMILY = "1,2";
				TEST_TARGET_NAME = wagnitoApp;
			};
			name = Release;
		};
/* End XCBuildConfiguration section */

/* Begin XCConfigurationList section */
		DB7826282A340D8A002F7EE7 /* Build configuration list for PBXProject "wagnitoApp" */ = {
			isa = XCConfigurationList;
			buildConfigurations = (
				DB7826542A340D8B002F7EE7 /* Debug */,
				DB7826552A340D8B002F7EE7 /* Release */,
			);
			defaultConfigurationIsVisible = 0;
			defaultConfigurationName = Release;
		};
		DB7826562A340D8B002F7EE7 /* Build configuration list for PBXNativeTarget "wagnitoApp" */ = {
			isa = XCConfigurationList;
			buildConfigurations = (
				DB7826572A340D8B002F7EE7 /* Debug */,
				DB7826582A340D8B002F7EE7 /* Release */,
			);
			defaultConfigurationIsVisible = 0;
			defaultConfigurationName = Release;
		};
		DB7826592A340D8B002F7EE7 /* Build configuration list for PBXNativeTarget "wagnitoAppTests" */ = {
			isa = XCConfigurationList;
			buildConfigurations = (
				DB78265A2A340D8B002F7EE7 /* Debug */,
				DB78265B2A340D8B002F7EE7 /* Release */,
			);
			defaultConfigurationIsVisible = 0;
			defaultConfigurationName = Release;
		};
		DB78265C2A340D8B002F7EE7 /* Build configuration list for PBXNativeTarget "wagnitoAppUITests" */ = {
			isa = XCConfigurationList;
			buildConfigurations = (
				DB78265D2A340D8B002F7EE7 /* Debug */,
				DB78265E2A340D8B002F7EE7 /* Release */,
			);
			defaultConfigurationIsVisible = 0;
			defaultConfigurationName = Release;
		};
/* End XCConfigurationList section */

/* Begin XCRemoteSwiftPackageReference section */
		DB78265F2A340FD7002F7EE7 /* XCRemoteSwiftPackageReference "firebase-ios-sdk" */ = {
			isa = XCRemoteSwiftPackageReference;
			repositoryURL = "https://github.com/firebase/firebase-ios-sdk";
			requirement = {
				kind = upToNextMajorVersion;
				minimumVersion = 10.0.0;
			};
		};
/* End XCRemoteSwiftPackageReference section */

/* Begin XCSwiftPackageProductDependency section */
		DB7826602A340FD7002F7EE7 /* FirebaseAnalytics */ = {
			isa = XCSwiftPackageProductDependency;
			package = DB78265F2A340FD7002F7EE7 /* XCRemoteSwiftPackageReference "firebase-ios-sdk" */;
			productName = FirebaseAnalytics;
		};
		DB7826622A340FD7002F7EE7 /* FirebaseDatabase */ = {
			isa = XCSwiftPackageProductDependency;
			package = DB78265F2A340FD7002F7EE7 /* XCRemoteSwiftPackageReference "firebase-ios-sdk" */;
			productName = FirebaseDatabase;
		};
		DB7826642A340FD7002F7EE7 /* FirebaseFirestore */ = {
			isa = XCSwiftPackageProductDependency;
			package = DB78265F2A340FD7002F7EE7 /* XCRemoteSwiftPackageReference "firebase-ios-sdk" */;
			productName = FirebaseFirestore;
		};
		DB7826662A340FD7002F7EE7 /* FirebaseFunctions */ = {
			isa = XCSwiftPackageProductDependency;
			package = DB78265F2A340FD7002F7EE7 /* XCRemoteSwiftPackageReference "firebase-ios-sdk" */;
			productName = FirebaseFunctions;
		};
/* End XCSwiftPackageProductDependency section */

/* Begin XCVersionGroup section */
		DB78263B2A340D8B002F7EE7 /* wagnitoApp.xcdatamodeld */ = {
			isa = XCVersionGroup;
			children = (
				DB78263C2A340D8B002F7EE7 /* wagnitoApp.xcdatamodel */,
			);
			currentVersion = DB78263C2A340D8B002F7EE7 /* wagnitoApp.xcdatamodel */;
			path = wagnitoApp.xcdatamodeld;
			sourceTree = "<group>";
			versionGroupType = wrapper.xcdatamodel;
		};
/* End XCVersionGroup section */
	};
	rootObject = DB7826252A340D8A002F7EE7 /* Project object */;
}
